// !$*UTF8*$!
{
	archiveVersion = 1;
	classes = {
	};
	objectVersion = 56;
	objects = {

/* Begin PBXBuildFile section */
		1871012D2B0950F6000A158B /* CafeMarioViewController.swift in Sources */ = {isa = PBXBuildFile; fileRef = 1871012C2B0950F6000A158B /* CafeMarioViewController.swift */; };
		187101312B0962E0000A158B /* CheckViewController.swift in Sources */ = {isa = PBXBuildFile; fileRef = 187101302B0962E0000A158B /* CheckViewController.swift */; };
		18DC9E652B10B3F600631732 /* OrderCell.xib in Resources */ = {isa = PBXBuildFile; fileRef = 18DC9E642B10B3F600631732 /* OrderCell.xib */; };
		18DC9E692B10B75200631732 /* OrderCell.swift in Sources */ = {isa = PBXBuildFile; fileRef = 18DC9E682B10B75200631732 /* OrderCell.swift */; };
		18DC9E6C2B10BAA600631732 /* DishInfo.swift in Sources */ = {isa = PBXBuildFile; fileRef = 18DC9E6B2B10BAA600631732 /* DishInfo.swift */; };
		18EF887E2B090228004086E3 /* AppDelegate.swift in Sources */ = {isa = PBXBuildFile; fileRef = 18EF887D2B090228004086E3 /* AppDelegate.swift */; };
		18EF88802B090228004086E3 /* SceneDelegate.swift in Sources */ = {isa = PBXBuildFile; fileRef = 18EF887F2B090228004086E3 /* SceneDelegate.swift */; };
		18EF88822B090228004086E3 /* LoginViewController.swift in Sources */ = {isa = PBXBuildFile; fileRef = 18EF88812B090228004086E3 /* LoginViewController.swift */; };
		18EF88852B090228004086E3 /* Main.storyboard in Resources */ = {isa = PBXBuildFile; fileRef = 18EF88832B090228004086E3 /* Main.storyboard */; };
		18EF88922B092CBA004086E3 /* Assets.xcassets in Resources */ = {isa = PBXBuildFile; fileRef = 18EF88912B092CBA004086E3 /* Assets.xcassets */; };
/* End PBXBuildFile section */

/* Begin PBXFileReference section */
		1871012C2B0950F6000A158B /* CafeMarioViewController.swift */ = {isa = PBXFileReference; lastKnownFileType = sourcecode.swift; path = CafeMarioViewController.swift; sourceTree = "<group>"; };
		187101302B0962E0000A158B /* CheckViewController.swift */ = {isa = PBXFileReference; lastKnownFileType = sourcecode.swift; path = CheckViewController.swift; sourceTree = "<group>"; };
		18DC9E642B10B3F600631732 /* OrderCell.xib */ = {isa = PBXFileReference; lastKnownFileType = file.xib; path = OrderCell.xib; sourceTree = "<group>"; };
		18DC9E682B10B75200631732 /* OrderCell.swift */ = {isa = PBXFileReference; lastKnownFileType = sourcecode.swift; path = OrderCell.swift; sourceTree = "<group>"; };
		18DC9E6B2B10BAA600631732 /* DishInfo.swift */ = {isa = PBXFileReference; lastKnownFileType = sourcecode.swift; name = DishInfo.swift; path = OrderCell/DishInfo.swift; sourceTree = "<group>"; };
		18EF887A2B090228004086E3 /* UISwitch4.app */ = {isa = PBXFileReference; explicitFileType = wrapper.application; includeInIndex = 0; path = UISwitch4.app; sourceTree = BUILT_PRODUCTS_DIR; };
		18EF887D2B090228004086E3 /* AppDelegate.swift */ = {isa = PBXFileReference; lastKnownFileType = sourcecode.swift; path = AppDelegate.swift; sourceTree = "<group>"; };
		18EF887F2B090228004086E3 /* SceneDelegate.swift */ = {isa = PBXFileReference; lastKnownFileType = sourcecode.swift; path = SceneDelegate.swift; sourceTree = "<group>"; };
		18EF88812B090228004086E3 /* LoginViewController.swift */ = {isa = PBXFileReference; lastKnownFileType = sourcecode.swift; path = LoginViewController.swift; sourceTree = "<group>"; };
		18EF88842B090228004086E3 /* Base */ = {isa = PBXFileReference; lastKnownFileType = file.storyboard; name = Base; path = Base.lproj/Main.storyboard; sourceTree = "<group>"; };
		18EF888B2B09022E004086E3 /* Info.plist */ = {isa = PBXFileReference; lastKnownFileType = text.plist.xml; path = Info.plist; sourceTree = "<group>"; };
		18EF88912B092CBA004086E3 /* Assets.xcassets */ = {isa = PBXFileReference; lastKnownFileType = folder.assetcatalog; path = Assets.xcassets; sourceTree = "<group>"; };
/* End PBXFileReference section */

/* Begin PBXFrameworksBuildPhase section */
		18EF88772B090228004086E3 /* Frameworks */ = {
			isa = PBXFrameworksBuildPhase;
			buildActionMask = 2147483647;
			files = (
			);
			runOnlyForDeploymentPostprocessing = 0;
		};
/* End PBXFrameworksBuildPhase section */

/* Begin PBXGroup section */
		18DC9E662B10B40200631732 /* Controllers */ = {
			isa = PBXGroup;
			children = (
				18EF88812B090228004086E3 /* LoginViewController.swift */,
				1871012C2B0950F6000A158B /* CafeMarioViewController.swift */,
				187101302B0962E0000A158B /* CheckViewController.swift */,
			);
			path = Controllers;
			sourceTree = "<group>";
		};
		18DC9E672B10B41600631732 /* View */ = {
			isa = PBXGroup;
			children = (
				18EF88832B090228004086E3 /* Main.storyboard */,
			);
			path = View;
			sourceTree = "<group>";
		};
		18DC9E6A2B10B76700631732 /* OrderCell */ = {
			isa = PBXGroup;
			children = (
				18DC9E642B10B3F600631732 /* OrderCell.xib */,
				18DC9E682B10B75200631732 /* OrderCell.swift */,
			);
			path = OrderCell;
			sourceTree = "<group>";
		};
		18EF88712B090228004086E3 = {
			isa = PBXGroup;
			children = (
				18EF887C2B090228004086E3 /* UISwitch4 */,
				18EF887B2B090228004086E3 /* Products */,
			);
			sourceTree = "<group>";
		};
		18EF887B2B090228004086E3 /* Products */ = {
			isa = PBXGroup;
			children = (
				18EF887A2B090228004086E3 /* UISwitch4.app */,
			);
			name = Products;
			sourceTree = "<group>";
		};
		18EF887C2B090228004086E3 /* UISwitch4 */ = {
			isa = PBXGroup;
			children = (
				18DC9E6B2B10BAA600631732 /* DishInfo.swift */,
				18EF887D2B090228004086E3 /* AppDelegate.swift */,
				18EF887F2B090228004086E3 /* SceneDelegate.swift */,
				18DC9E6A2B10B76700631732 /* OrderCell */,
				18DC9E662B10B40200631732 /* Controllers */,
				18DC9E672B10B41600631732 /* View */,
				18EF888B2B09022E004086E3 /* Info.plist */,
				18EF88912B092CBA004086E3 /* Assets.xcassets */,
			);
			path = UISwitch4;
			sourceTree = "<group>";
		};
/* End PBXGroup section */

/* Begin PBXNativeTarget section */
		18EF88792B090228004086E3 /* UISwitch4 */ = {
			isa = PBXNativeTarget;
			buildConfigurationList = 18EF888E2B09022E004086E3 /* Build configuration list for PBXNativeTarget "UISwitch4" */;
			buildPhases = (
				18EF88762B090228004086E3 /* Sources */,
				18EF88772B090228004086E3 /* Frameworks */,
				18EF88782B090228004086E3 /* Resources */,
			);
			buildRules = (
			);
			dependencies = (
			);
			name = UISwitch4;
			productName = UISwitch4;
			productReference = 18EF887A2B090228004086E3 /* UISwitch4.app */;
			productType = "com.apple.product-type.application";
		};
/* End PBXNativeTarget section */

/* Begin PBXProject section */
		18EF88722B090228004086E3 /* Project object */ = {
			isa = PBXProject;
			attributes = {
				BuildIndependentTargetsInParallel = 1;
				LastSwiftUpdateCheck = 1500;
				LastUpgradeCheck = 1500;
				TargetAttributes = {
					18EF88792B090228004086E3 = {
						CreatedOnToolsVersion = 15.0.1;
					};
				};
			};
			buildConfigurationList = 18EF88752B090228004086E3 /* Build configuration list for PBXProject "UISwitch4" */;
			compatibilityVersion = "Xcode 14.0";
			developmentRegion = en;
			hasScannedForEncodings = 0;
			knownRegions = (
				en,
				Base,
			);
			mainGroup = 18EF88712B090228004086E3;
			productRefGroup = 18EF887B2B090228004086E3 /* Products */;
			projectDirPath = "";
			projectRoot = "";
			targets = (
				18EF88792B090228004086E3 /* UISwitch4 */,
			);
		};
/* End PBXProject section */

/* Begin PBXResourcesBuildPhase section */
		18EF88782B090228004086E3 /* Resources */ = {
			isa = PBXResourcesBuildPhase;
			buildActionMask = 2147483647;
			files = (
				18EF88922B092CBA004086E3 /* Assets.xcassets in Resources */,
				18DC9E652B10B3F600631732 /* OrderCell.xib in Resources */,
				18EF88852B090228004086E3 /* Main.storyboard in Resources */,
			);
			runOnlyForDeploymentPostprocessing = 0;
		};
/* End PBXResourcesBuildPhase section */

/* Begin PBXSourcesBuildPhase section */
		18EF88762B090228004086E3 /* Sources */ = {
			isa = PBXSourcesBuildPhase;
			buildActionMask = 2147483647;
			files = (
				18EF88822B090228004086E3 /* LoginViewController.swift in Sources */,
				18EF887E2B090228004086E3 /* AppDelegate.swift in Sources */,
				1871012D2B0950F6000A158B /* CafeMarioViewController.swift in Sources */,
				187101312B0962E0000A158B /* CheckViewController.swift in Sources */,
				18DC9E692B10B75200631732 /* OrderCell.swift in Sources */,
				18EF88802B090228004086E3 /* SceneDelegate.swift in Sources */,
				18DC9E6C2B10BAA600631732 /* DishInfo.swift in Sources */,
			);
			runOnlyForDeploymentPostprocessing = 0;
		};
/* End PBXSourcesBuildPhase section */

/* Begin PBXVariantGroup section */
		18EF88832B090228004086E3 /* Main.storyboard */ = {
			isa = PBXVariantGroup;
			children = (
				18EF88842B090228004086E3 /* Base */,
			);
			name = Main.storyboard;
			sourceTree = "<group>";
		};
/* End PBXVariantGroup section */

/* Begin XCBuildConfiguration section */
		18EF888C2B09022E004086E3 /* Debug */ = {
			isa = XCBuildConfiguration;
			buildSettings = {
				ALWAYS_SEARCH_USER_PATHS = NO;
				ASSETCATALOG_COMPILER_GENERATE_SWIFT_ASSET_SYMBOL_EXTENSIONS = YES;
				CLANG_ANALYZER_NONNULL = YES;
				CLANG_ANALYZER_NUMBER_OBJECT_CONVERSION = YES_AGGRESSIVE;
				CLANG_CXX_LANGUAGE_STANDARD = "gnu++20";
				CLANG_ENABLE_MODULES = YES;
				CLANG_ENABLE_OBJC_ARC = YES;
				CLANG_ENABLE_OBJC_WEAK = YES;
				CLANG_WARN_BLOCK_CAPTURE_AUTORELEASING = YES;
				CLANG_WARN_BOOL_CONVERSION = YES;
				CLANG_WARN_COMMA = YES;
				CLANG_WARN_CONSTANT_CONVERSION = YES;
				CLANG_WARN_DEPRECATED_OBJC_IMPLEMENTATIONS = YES;
				CLANG_WARN_DIRECT_OBJC_ISA_USAGE = YES_ERROR;
				CLANG_WARN_DOCUMENTATION_COMMENTS = YES;
				CLANG_WARN_EMPTY_BODY = YES;
				CLANG_WARN_ENUM_CONVERSION = YES;
				CLANG_WARN_INFINITE_RECURSION = YES;
				CLANG_WARN_INT_CONVERSION = YES;
				CLANG_WARN_NON_LITERAL_NULL_CONVERSION = YES;
				CLANG_WARN_OBJC_IMPLICIT_RETAIN_SELF = YES;
				CLANG_WARN_OBJC_LITERAL_CONVERSION = YES;
				CLANG_WARN_OBJC_ROOT_CLASS = YES_ERROR;
				CLANG_WARN_QUOTED_INCLUDE_IN_FRAMEWORK_HEADER = YES;
				CLANG_WARN_RANGE_LOOP_ANALYSIS = YES;
				CLANG_WARN_STRICT_PROTOTYPES = YES;
				CLANG_WARN_SUSPICIOUS_MOVE = YES;
				CLANG_WARN_UNGUARDED_AVAILABILITY = YES_AGGRESSIVE;
				CLANG_WARN_UNREACHABLE_CODE = YES;
				CLANG_WARN__DUPLICATE_METHOD_MATCH = YES;
				COPY_PHASE_STRIP = NO;
				DEBUG_INFORMATION_FORMAT = dwarf;
				ENABLE_STRICT_OBJC_MSGSEND = YES;
				ENABLE_TESTABILITY = YES;
				ENABLE_USER_SCRIPT_SANDBOXING = YES;
				GCC_C_LANGUAGE_STANDARD = gnu17;
				GCC_DYNAMIC_NO_PIC = NO;
				GCC_NO_COMMON_BLOCKS = YES;
				GCC_OPTIMIZATION_LEVEL = 0;
				GCC_PREPROCESSOR_DEFINITIONS = (
					"DEBUG=1",
					"$(inherited)",
				);
				GCC_WARN_64_TO_32_BIT_CONVERSION = YES;
				GCC_WARN_ABOUT_RETURN_TYPE = YES_ERROR;
				GCC_WARN_UNDECLARED_SELECTOR = YES;
				GCC_WARN_UNINITIALIZED_AUTOS = YES_AGGRESSIVE;
				GCC_WARN_UNUSED_FUNCTION = YES;
				GCC_WARN_UNUSED_VARIABLE = YES;
				IPHONEOS_DEPLOYMENT_TARGET = 17.0;
				LOCALIZATION_PREFERS_STRING_CATALOGS = YES;
				MTL_ENABLE_DEBUG_INFO = INCLUDE_SOURCE;
				MTL_FAST_MATH = YES;
				ONLY_ACTIVE_ARCH = YES;
				SDKROOT = iphoneos;
				SWIFT_ACTIVE_COMPILATION_CONDITIONS = "DEBUG $(inherited)";
				SWIFT_OPTIMIZATION_LEVEL = "-Onone";
			};
			name = Debug;
		};
		18EF888D2B09022E004086E3 /* Release */ = {
			isa = XCBuildConfiguration;
			buildSettings = {
				ALWAYS_SEARCH_USER_PATHS = NO;
				ASSETCATALOG_COMPILER_GENERATE_SWIFT_ASSET_SYMBOL_EXTENSIONS = YES;
				CLANG_ANALYZER_NONNULL = YES;
				CLANG_ANALYZER_NUMBER_OBJECT_CONVERSION = YES_AGGRESSIVE;
				CLANG_CXX_LANGUAGE_STANDARD = "gnu++20";
				CLANG_ENABLE_MODULES = YES;
				CLANG_ENABLE_OBJC_ARC = YES;
				CLANG_ENABLE_OBJC_WEAK = YES;
				CLANG_WARN_BLOCK_CAPTURE_AUTORELEASING = YES;
				CLANG_WARN_BOOL_CONVERSION = YES;
				CLANG_WARN_COMMA = YES;
				CLANG_WARN_CONSTANT_CONVERSION = YES;
				CLANG_WARN_DEPRECATED_OBJC_IMPLEMENTATIONS = YES;
				CLANG_WARN_DIRECT_OBJC_ISA_USAGE = YES_ERROR;
				CLANG_WARN_DOCUMENTATION_COMMENTS = YES;
				CLANG_WARN_EMPTY_BODY = YES;
				CLANG_WARN_ENUM_CONVERSION = YES;
				CLANG_WARN_INFINITE_RECURSION = YES;
				CLANG_WARN_INT_CONVERSION = YES;
				CLANG_WARN_NON_LITERAL_NULL_CONVERSION = YES;
				CLANG_WARN_OBJC_IMPLICIT_RETAIN_SELF = YES;
				CLANG_WARN_OBJC_LITERAL_CONVERSION = YES;
				CLANG_WARN_OBJC_ROOT_CLASS = YES_ERROR;
				CLANG_WARN_QUOTED_INCLUDE_IN_FRAMEWORK_HEADER = YES;
				CLANG_WARN_RANGE_LOOP_ANALYSIS = YES;
				CLANG_WARN_STRICT_PROTOTYPES = YES;
				CLANG_WARN_SUSPICIOUS_MOVE = YES;
				CLANG_WARN_UNGUARDED_AVAILABILITY = YES_AGGRESSIVE;
				CLANG_WARN_UNREACHABLE_CODE = YES;
				CLANG_WARN__DUPLICATE_METHOD_MATCH = YES;
				COPY_PHASE_STRIP = NO;
				DEBUG_INFORMATION_FORMAT = "dwarf-with-dsym";
				ENABLE_NS_ASSERTIONS = NO;
				ENABLE_STRICT_OBJC_MSGSEND = YES;
				ENABLE_USER_SCRIPT_SANDBOXING = YES;
				GCC_C_LANGUAGE_STANDARD = gnu17;
				GCC_NO_COMMON_BLOCKS = YES;
				GCC_WARN_64_TO_32_BIT_CONVERSION = YES;
				GCC_WARN_ABOUT_RETURN_TYPE = YES_ERROR;
				GCC_WARN_UNDECLARED_SELECTOR = YES;
				GCC_WARN_UNINITIALIZED_AUTOS = YES_AGGRESSIVE;
				GCC_WARN_UNUSED_FUNCTION = YES;
				GCC_WARN_UNUSED_VARIABLE = YES;
				IPHONEOS_DEPLOYMENT_TARGET = 17.0;
				LOCALIZATION_PREFERS_STRING_CATALOGS = YES;
				MTL_ENABLE_DEBUG_INFO = NO;
				MTL_FAST_MATH = YES;
				SDKROOT = iphoneos;
				SWIFT_COMPILATION_MODE = wholemodule;
				VALIDATE_PRODUCT = YES;
			};
			name = Release;
		};
		18EF888F2B09022E004086E3 /* Debug */ = {
			isa = XCBuildConfiguration;
			buildSettings = {
				ASSETCATALOG_COMPILER_APPICON_NAME = AppIcon;
				ASSETCATALOG_COMPILER_GLOBAL_ACCENT_COLOR_NAME = AccentColor;
				CODE_SIGN_STYLE = Automatic;
				CURRENT_PROJECT_VERSION = 1;
				DEVELOPMENT_TEAM = BVD43P2W65;
				GENERATE_INFOPLIST_FILE = YES;
				INFOPLIST_FILE = UISwitch4/Info.plist;
				INFOPLIST_KEY_UIApplicationSupportsIndirectInputEvents = YES;
				INFOPLIST_KEY_UILaunchStoryboardName = LaunchScreen;
				INFOPLIST_KEY_UIMainStoryboardFile = Main;
				INFOPLIST_KEY_UISupportedInterfaceOrientations_iPad = "UIInterfaceOrientationPortrait UIInterfaceOrientationPortraitUpsideDown UIInterfaceOrientationLandscapeLeft UIInterfaceOrientationLandscapeRight";
				INFOPLIST_KEY_UISupportedInterfaceOrientations_iPhone = "UIInterfaceOrientationPortrait UIInterfaceOrientationLandscapeLeft UIInterfaceOrientationLandscapeRight";
				LD_RUNPATH_SEARCH_PATHS = (
					"$(inherited)",
					"@executable_path/Frameworks",
				);
				MARKETING_VERSION = 1.0;
				PRODUCT_BUNDLE_IDENTIFIER = com.example.UISwitch4;
				PRODUCT_NAME = "$(TARGET_NAME)";
				SWIFT_EMIT_LOC_STRINGS = YES;
				SWIFT_VERSION = 5.0;
				TARGETED_DEVICE_FAMILY = "1,2";
			};
			name = Debug;
		};
		18EF88902B09022E004086E3 /* Release */ = {
			isa = XCBuildConfiguration;
			buildSettings = {
				ASSETCATALOG_COMPILER_APPICON_NAME = AppIcon;
				ASSETCATALOG_COMPILER_GLOBAL_ACCENT_COLOR_NAME = AccentColor;
				CODE_SIGN_STYLE = Automatic;
				CURRENT_PROJECT_VERSION = 1;
				DEVELOPMENT_TEAM = BVD43P2W65;
				GENERATE_INFOPLIST_FILE = YES;
				INFOPLIST_FILE = UISwitch4/Info.plist;
				INFOPLIST_KEY_UIApplicationSupportsIndirectInputEvents = YES;
				INFOPLIST_KEY_UILaunchStoryboardName = LaunchScreen;
				INFOPLIST_KEY_UIMainStoryboardFile = Main;
				INFOPLIST_KEY_UISupportedInterfaceOrientations_iPad = "UIInterfaceOrientationPortrait UIInterfaceOrientationPortraitUpsideDown UIInterfaceOrientationLandscapeLeft UIInterfaceOrientationLandscapeRight";
				INFOPLIST_KEY_UISupportedInterfaceOrientations_iPhone = "UIInterfaceOrientationPortrait UIInterfaceOrientationLandscapeLeft UIInterfaceOrientationLandscapeRight";
				LD_RUNPATH_SEARCH_PATHS = (
					"$(inherited)",
					"@executable_path/Frameworks",
				);
				MARKETING_VERSION = 1.0;
				PRODUCT_BUNDLE_IDENTIFIER = com.example.UISwitch4;
				PRODUCT_NAME = "$(TARGET_NAME)";
				SWIFT_EMIT_LOC_STRINGS = YES;
				SWIFT_VERSION = 5.0;
				TARGETED_DEVICE_FAMILY = "1,2";
			};
			name = Release;
		};
/* End XCBuildConfiguration section */

/* Begin XCConfigurationList section */
		18EF88752B090228004086E3 /* Build configuration list for PBXProject "UISwitch4" */ = {
			isa = XCConfigurationList;
			buildConfigurations = (
				18EF888C2B09022E004086E3 /* Debug */,
				18EF888D2B09022E004086E3 /* Release */,
			);
			defaultConfigurationIsVisible = 0;
			defaultConfigurationName = Release;
		};
		18EF888E2B09022E004086E3 /* Build configuration list for PBXNativeTarget "UISwitch4" */ = {
			isa = XCConfigurationList;
			buildConfigurations = (
				18EF888F2B09022E004086E3 /* Debug */,
				18EF88902B09022E004086E3 /* Release */,
			);
			defaultConfigurationIsVisible = 0;
			defaultConfigurationName = Release;
		};
/* End XCConfigurationList section */
	};
	rootObject = 18EF88722B090228004086E3 /* Project object */;
}
